{
  "requires": true,
  "lockfileVersion": 1,
  "dependencies": {
    "@types/chrome": {
      "version": "0.0.126",
      "resolved": "https://registry.npmjs.org/@types/chrome/-/chrome-0.0.126.tgz",
      "integrity": "sha512-191z7uoyfbGU+z7/m45j9XbWugWqVHVPMM4hJV5cZ+3YzGCT9wFjMUHO3Wr3Xvo8aVodvRNu28u7lvEaAnfbzg==",
      "requires": {
        "@types/filesystem": "*",
        "@types/har-format": "*"
      }
    },
    "@types/filesystem": {
      "version": "0.0.29",
      "resolved": "https://registry.npmjs.org/@types/filesystem/-/filesystem-0.0.29.tgz",
      "integrity": "sha512-85/1KfRedmfPGsbK8YzeaQUyV1FQAvMPMTuWFQ5EkLd2w7szhNO96bk3Rh/SKmOfd9co2rCLf0Voy4o7ECBOvw==",
      "requires": {
        "@types/filewriter": "*"
      }
    },
    "@types/filewriter": {
      "version": "0.0.28",
      "resolved": "https://registry.npmjs.org/@types/filewriter/-/filewriter-0.0.28.tgz",
      "integrity": "sha1-wFTor02d11205jq8dviFFocU1LM="
    },
    "@types/har-format": {
      "version": "1.2.5",
      "resolved": "https://registry.npmjs.org/@types/har-format/-/har-format-1.2.5.tgz",
      "integrity": "sha512-IG8AE1m2pWtPqQ7wXhFhy6Q59bwwnLwO36v5Rit2FrbXCIp8Sk8E2PfUCreyrdo17STwFSKDAkitVuVYbpEHvQ=="
    }
  }
}
