{
  "requires": true,
  "lockfileVersion": 1,
  "dependencies": {
    "@types/chrome": {
      "version": "0.0.123",
      "resolved": "https://registry.npmjs.org/@types/chrome/-/chrome-0.0.123.tgz",
      "integrity": "sha512-fG6GPreuSY+Z+0e3dtBz5MJ5qyZ2feOZISG8udxBiuwUYqykK1q4NxkjfzL2F5I05LqK2ojP7ZR08Gcfo3ubHQ==",
      "requires": {
        "@types/filesystem": "*",
        "@types/har-format": "*"
      }
    },
    "@types/filesystem": {
      "version": "0.0.29",
      "resolved": "https://registry.npmjs.org/@types/filesystem/-/filesystem-0.0.29.tgz",
      "integrity": "sha512-85/1KfRedmfPGsbK8YzeaQUyV1FQAvMPMTuWFQ5EkLd2w7szhNO96bk3Rh/SKmOfd9co2rCLf0Voy4o7ECBOvw==",
      "requires": {
        "@types/filewriter": "*"
      }
    },
    "@types/filewriter": {
      "version": "0.0.28",
      "resolved": "https://registry.npmjs.org/@types/filewriter/-/filewriter-0.0.28.tgz",
      "integrity": "sha1-wFTor02d11205jq8dviFFocU1LM="
    },
    "@types/har-format": {
      "version": "1.2.4",
      "resolved": "https://registry.npmjs.org/@types/har-format/-/har-format-1.2.4.tgz",
      "integrity": "sha512-iUxzm1meBm3stxUMzRqgOVHjj4Kgpgu5w9fm4X7kPRfSgVRzythsucEN7/jtOo8SQzm+HfcxWWzJS0mJDH/3DQ=="
    }
  }
}
